// !$*UTF8*$!
{
	archiveVersion = 1;
	classes = {
	};
	objectVersion = 46;
	objects = {

/* Begin PBXBuildFile section */
		34A0ACC320DCDF6F00F9A3A6 /* main.cpp in Sources */ = {isa = PBXBuildFile; fileRef = 34A0ACC220DCDF6F00F9A3A6 /* main.cpp */; };
/* End PBXBuildFile section */

/* Begin PBXCopyFilesBuildPhase section */
		34A0ACBD20DCDF6F00F9A3A6 /* CopyFiles */ = {
			isa = PBXCopyFilesBuildPhase;
			buildActionMask = 2147483647;
			dstPath = /usr/share/man/man1/;
			dstSubfolderSpec = 0;
			files = (
			);
			runOnlyForDeploymentPostprocessing = 1;
		};
/* End PBXCopyFilesBuildPhase section */

/* Begin PBXFileReference section */
		34A0ACBF20DCDF6F00F9A3A6 /* Dictionary */ = {isa = PBXFileReference; explicitFileType = "compiled.mach-o.executable"; includeInIndex = 0; path = Dictionary; sourceTree = BUILT_PRODUCTS_DIR; };
		34A0ACC220DCDF6F00F9A3A6 /* main.cpp */ = {isa = PBXFileReference; lastKnownFileType = sourcecode.cpp.cpp; path = main.cpp; sourceTree = "<group>"; };
		34A0ACC920DCE78100F9A3A6 /* Assignment-01-Code */ = {isa = PBXFileReference; lastKnownFileType = folder; name = "Assignment-01-Code"; path = "../Assignment-01-Code"; sourceTree = "<group>"; };
		34A0ACCA20DCE82100F9A3A6 /* Data.CS.SFSU.txt */ = {isa = PBXFileReference; lastKnownFileType = text; name = Data.CS.SFSU.txt; path = "../../Assignment-01-Code/Data.CS.SFSU.txt"; sourceTree = "<group>"; };
/* End PBXFileReference section */

/* Begin PBXFrameworksBuildPhase section */
		34A0ACBC20DCDF6F00F9A3A6 /* Frameworks */ = {
			isa = PBXFrameworksBuildPhase;
			buildActionMask = 2147483647;
			files = (
			);
			runOnlyForDeploymentPostprocessing = 0;
		};
/* End PBXFrameworksBuildPhase section */

/* Begin PBXGroup section */
		34A0ACB620DCDF6F00F9A3A6 = {
			isa = PBXGroup;
			children = (
				34A0ACC920DCE78100F9A3A6 /* Assignment-01-Code */,
				34A0ACC120DCDF6F00F9A3A6 /* Dictionary */,
				34A0ACC020DCDF6F00F9A3A6 /* Products */,
			);
			sourceTree = "<group>";
		};
		34A0ACC020DCDF6F00F9A3A6 /* Products */ = {
			isa = PBXGroup;
			children = (
				34A0ACBF20DCDF6F00F9A3A6 /* Dictionary */,
			);
			name = Products;
			sourceTree = "<group>";
		};
		34A0ACC120DCDF6F00F9A3A6 /* Dictionary */ = {
			isa = PBXGroup;
			children = (
				34A0ACCA20DCE82100F9A3A6 /* Data.CS.SFSU.txt */,
				34A0ACC220DCDF6F00F9A3A6 /* main.cpp */,
			);
			path = Dictionary;
			sourceTree = "<group>";
		};
/* End PBXGroup section */

/* Begin PBXNativeTarget section */
		34A0ACBE20DCDF6F00F9A3A6 /* Dictionary */ = {
			isa = PBXNativeTarget;
			buildConfigurationList = 34A0ACC620DCDF6F00F9A3A6 /* Build configuration list for PBXNativeTarget "Dictionary" */;
			buildPhases = (
				34A0ACBB20DCDF6F00F9A3A6 /* Sources */,
				34A0ACBC20DCDF6F00F9A3A6 /* Frameworks */,
				34A0ACBD20DCDF6F00F9A3A6 /* CopyFiles */,
			);
			buildRules = (
			);
			dependencies = (
			);
			name = Dictionary;
			productName = Dictionary;
			productReference = 34A0ACBF20DCDF6F00F9A3A6 /* Dictionary */;
			productType = "com.apple.product-type.tool";
		};
/* End PBXNativeTarget section */

/* Begin PBXProject section */
		34A0ACB720DCDF6F00F9A3A6 /* Project object */ = {
			isa = PBXProject;
			attributes = {
				LastUpgradeCheck = 0720;
				ORGANIZATIONNAME = "Vaishali Bisht";
				TargetAttributes = {
					34A0ACBE20DCDF6F00F9A3A6 = {
						CreatedOnToolsVersion = 7.2;
					};
				};
			};
			buildConfigurationList = 34A0ACBA20DCDF6F00F9A3A6 /* Build configuration list for PBXProject "Dictionary" */;
			compatibilityVersion = "Xcode 3.2";
			developmentRegion = English;
			hasScannedForEncodings = 0;
			knownRegions = (
				en,
			);
			mainGroup = 34A0ACB620DCDF6F00F9A3A6;
			productRefGroup = 34A0ACC020DCDF6F00F9A3A6 /* Products */;
			projectDirPath = "";
			projectRoot = "";
			targets = (
				34A0ACBE20DCDF6F00F9A3A6 /* Dictionary */,
			);
		};
/* End PBXProject section */

/* Begin PBXSourcesBuildPhase section */
		34A0ACBB20DCDF6F00F9A3A6 /* Sources */ = {
			isa = PBXSourcesBuildPhase;
			buildActionMask = 2147483647;
			files = (
				34A0ACC320DCDF6F00F9A3A6 /* main.cpp in Sources */,
			);
			runOnlyForDeploymentPostprocessing = 0;
		};
/* End PBXSourcesBuildPhase section */

/* Begin XCBuildConfiguration section */
		34A0ACC420DCDF6F00F9A3A6 /* Debug */ = {
			isa = XCBuildConfiguration;
			buildSettings = {
				ALWAYS_SEARCH_USER_PATHS = NO;
				CLANG_CXX_LANGUAGE_STANDARD = "gnu++0x";
				CLANG_CXX_LIBRARY = "libc++";
				CLANG_ENABLE_MODULES = YES;
				CLANG_ENABLE_OBJC_ARC = YES;
				CLANG_WARN_BOOL_CONVERSION = YES;
				CLANG_WARN_CONSTANT_CONVERSION = YES;
				CLANG_WARN_DIRECT_OBJC_ISA_USAGE = YES_ERROR;
				CLANG_WARN_EMPTY_BODY = YES;
				CLANG_WARN_ENUM_CONVERSION = YES;
				CLANG_WARN_INT_CONVERSION = YES;
				CLANG_WARN_OBJC_ROOT_CLASS = YES_ERROR;
				CLANG_WARN_UNREACHABLE_CODE = YES;
				CLANG_WARN__DUPLICATE_METHOD_MATCH = YES;
				CODE_SIGN_IDENTITY = "-";
				COPY_PHASE_STRIP = NO;
				DEBUG_INFORMATION_FORMAT = dwarf;
				ENABLE_STRICT_OBJC_MSGSEND = YES;
				ENABLE_TESTABILITY = YES;
				GCC_C_LANGUAGE_STANDARD = gnu99;
				GCC_DYNAMIC_NO_PIC = NO;
				GCC_NO_COMMON_BLOCKS = YES;
				GCC_OPTIMIZATION_LEVEL = 0;
				GCC_PREPROCESSOR_DEFINITIONS = (
					"DEBUG=1",
					"$(inherited)",
				);
				GCC_WARN_64_TO_32_BIT_CONVERSION = YES;
				GCC_WARN_ABOUT_RETURN_TYPE = YES_ERROR;
				GCC_WARN_UNDECLARED_SELECTOR = YES;
				GCC_WARN_UNINITIALIZED_AUTOS = YES_AGGRESSIVE;
				GCC_WARN_UNUSED_FUNCTION = YES;
				GCC_WARN_UNUSED_VARIABLE = YES;
				MACOSX_DEPLOYMENT_TARGET = 10.10;
				MTL_ENABLE_DEBUG_INFO = YES;
				ONLY_ACTIVE_ARCH = YES;
				SDKROOT = macosx;
			};
			name = Debug;
		};
		34A0ACC520DCDF6F00F9A3A6 /* Release */ = {
			isa = XCBuildConfiguration;
			buildSettings = {
				ALWAYS_SEARCH_USER_PATHS = NO;
				CLANG_CXX_LANGUAGE_STANDARD = "gnu++0x";
				CLANG_CXX_LIBRARY = "libc++";
				CLANG_ENABLE_MODULES = YES;
				CLANG_ENABLE_OBJC_ARC = YES;
				CLANG_WARN_BOOL_CONVERSION = YES;
				CLANG_WARN_CONSTANT_CONVERSION = YES;
				CLANG_WARN_DIRECT_OBJC_ISA_USAGE = YES_ERROR;
				CLANG_WARN_EMPTY_BODY = YES;
				CLANG_WARN_ENUM_CONVERSION = YES;
				CLANG_WARN_INT_CONVERSION = YES;
				CLANG_WARN_OBJC_ROOT_CLASS = YES_ERROR;
				CLANG_WARN_UNREACHABLE_CODE = YES;
				CLANG_WARN__DUPLICATE_METHOD_MATCH = YES;
				CODE_SIGN_IDENTITY = "-";
				COPY_PHASE_STRIP = NO;
				DEBUG_INFORMATION_FORMAT = "dwarf-with-dsym";
				ENABLE_NS_ASSERTIONS = NO;
				ENABLE_STRICT_OBJC_MSGSEND = YES;
				GCC_C_LANGUAGE_STANDARD = gnu99;
				GCC_NO_COMMON_BLOCKS = YES;
				GCC_WARN_64_TO_32_BIT_CONVERSION = YES;
				GCC_WARN_ABOUT_RETURN_TYPE = YES_ERROR;
				GCC_WARN_UNDECLARED_SELECTOR = YES;
				GCC_WARN_UNINITIALIZED_AUTOS = YES_AGGRESSIVE;
				GCC_WARN_UNUSED_FUNCTION = YES;
				GCC_WARN_UNUSED_VARIABLE = YES;
				MACOSX_DEPLOYMENT_TARGET = 10.10;
				MTL_ENABLE_DEBUG_INFO = NO;
				SDKROOT = macosx;
			};
			name = Release;
		};
		34A0ACC720DCDF6F00F9A3A6 /* Debug */ = {
			isa = XCBuildConfiguration;
			buildSettings = {
				PRODUCT_NAME = "$(TARGET_NAME)";
			};
			name = Debug;
		};
		34A0ACC820DCDF6F00F9A3A6 /* Release */ = {
			isa = XCBuildConfiguration;
			buildSettings = {
				PRODUCT_NAME = "$(TARGET_NAME)";
			};
			name = Release;
		};
/* End XCBuildConfiguration section */

/* Begin XCConfigurationList section */
		34A0ACBA20DCDF6F00F9A3A6 /* Build configuration list for PBXProject "Dictionary" */ = {
			isa = XCConfigurationList;
			buildConfigurations = (
				34A0ACC420DCDF6F00F9A3A6 /* Debug */,
				34A0ACC520DCDF6F00F9A3A6 /* Release */,
			);
			defaultConfigurationIsVisible = 0;
			defaultConfigurationName = Release;
		};
		34A0ACC620DCDF6F00F9A3A6 /* Build configuration list for PBXNativeTarget "Dictionary" */ = {
			isa = XCConfigurationList;
			buildConfigurations = (
				34A0ACC720DCDF6F00F9A3A6 /* Debug */,
				34A0ACC820DCDF6F00F9A3A6 /* Release */,
			);
			defaultConfigurationIsVisible = 0;
			defaultConfigurationName = Release;
		};
/* End XCConfigurationList section */
	};
	rootObject = 34A0ACB720DCDF6F00F9A3A6 /* Project object */;
}
